{
  "nodes": {
    "dwm-config": {
      "inputs": {
        "nixpkgs": "nixpkgs"
      },
      "locked": {
        "lastModified": 1767387698,
        "narHash": "sha256-FUNGSlJiCvAJri9jYFGR0S3gTEmEJltXhLgps2uv180=",
        "owner": "Mi-Tom",
        "repo": "dwm-config",
        "rev": "e1311abded3aea605d178efec36c4e915788891c",
        "type": "github"
      },
      "original": {
        "owner": "Mi-Tom",
        "ref": "main",
        "repo": "dwm-config",
        "type": "github"
      }
    },
    "nixpkgs": {
      "locked": {
        "lastModified": 1767116409,
        "narHash": "sha256-5vKw92l1GyTnjoLzEagJy5V5mDFck72LiQWZSOnSicw=",
        "owner": "NixOS",
        "repo": "nixpkgs",
        "rev": "cad22e7d996aea55ecab064e84834289143e44a0",
        "type": "github"
      },
      "original": {
        "owner": "NixOS",
        "ref": "nixos-unstable",
        "repo": "nixpkgs",
        "type": "github"
      }
    },
    "nixpkgs_2": {
      "locked": {
        "lastModified": 1766885793,
        "narHash": "sha256-P6RVkrM9JLCW6xBjSwHfgTOQ1JwBUma5xe5LI8xAPC0=",
        "owner": "nixos",
        "repo": "nixpkgs",
        "rev": "9ef261221d1e72399f2036786498d78c38185c46",
        "type": "github"
      },
      "original": {
        "owner": "nixos",
        "ref": "nixos-25.11",
        "repo": "nixpkgs",
        "type": "github"
      }
    },
    "root": {
      "inputs": {
        "dwm-config": "dwm-config",
        "nixpkgs": "nixpkgs_2"
      }
    }
  },
  "root": "root",
  "version": 7
}
